{
    "name": "tvt-huntinghoppers",
    "version": "1.8.1",
    "lockfileVersion": 1,
    "requires": true,
    "dependencies": {
        "@gruppe-adler/replay": {
            "version": "1.5.0",
            "resolved": "https://registry.npmjs.org/@gruppe-adler/replay/-/replay-1.5.0.tgz",
            "integrity": "sha512-9ufyU6hhL0YElGKm/mldAszPWwrbG73hagfnRwioZD+lihc+4wokNjc87WD22q/W4lzxewY6uMeWfGGTxF4ZLw=="
        },
        "grad-dyngroupdecals": {
            "version": "0.0.1",
            "resolved": "https://registry.npmjs.org/grad-dyngroupdecals/-/grad-dyngroupdecals-0.0.1.tgz",
            "integrity": "sha512-BMmzjgDOtpFuhIcLwY2ow37nBUff9QA2z6UQslkhUZtnQrXPLchXx07fNQxYBRAf5iNYygoPKnEHRSF57Lf5pQ=="
        },
        "grad-factions-tvt": {
            "version": "0.5.2",
            "resolved": "https://registry.npmjs.org/grad-factions-tvt/-/grad-factions-tvt-0.5.2.tgz",
            "integrity": "sha512-jQ0TbNRnjgjqhBmY2EE9jXOEdsmfaoeFEqTTF8Bv31cB+JNnzGiIZTXJtyJJKUC8l9V7K+zhdJnDC2d9BEGAeg==",
            "requires": {
                "grad-loadout": "4.11.4"
            }
        },
        "grad-fortifications": {
            "version": "0.9.3",
            "resolved": "https://registry.npmjs.org/grad-fortifications/-/grad-fortifications-0.9.3.tgz",
            "integrity": "sha512-Gb6GlUuLf7bqrVtrfVVR6/slTZqmlgD7Yviacueix7sYUZ1LfVwdCs4Xem5lwDLK2r9XHzUiVPNmxjAo0HNW/A=="
        },
        "grad-gpstracker": {
            "version": "0.2.0",
            "resolved": "https://registry.npmjs.org/grad-gpstracker/-/grad-gpstracker-0.2.0.tgz",
            "integrity": "sha1-CxKl2W123R1jg1GxhM4j/LneObw="
        },
        "grad-listbuymenu": {
            "version": "0.8.1",
            "resolved": "https://registry.npmjs.org/grad-listbuymenu/-/grad-listbuymenu-0.8.1.tgz",
            "integrity": "sha512-8wRAFhKDu/ynHcFn7lcYIAy7dc6GcTcKUk90KtKZsBgyBqsm+aNy9a9jvEWk2geKeY7i8XO3a8UyLwstYY3Esw=="
        },
        "grad-loadout": {
            "version": "4.11.4",
            "resolved": "https://registry.npmjs.org/grad-loadout/-/grad-loadout-4.11.4.tgz",
            "integrity": "sha512-IGvKhKeFGss8TfiE8g7aNm2dFX3+u2OQOn6s2LKq+bLKvr2Rsg6J+lO2Vv5WCMFKzq4ESAhNVoLqlmePZH+wIA=="
        },
        "grad-tvtsettings": {
            "version": "0.0.3",
            "resolved": "https://registry.npmjs.org/grad-tvtsettings/-/grad-tvtsettings-0.0.3.tgz",
            "integrity": "sha512-fIzPWJ9ttWtbey8ScLxVFiq8fOzuzvpHOg1/uG7Xo69SbyK7voRuoiURYZgO95VML8pM0AMDAABLt0vHuaB/Rg=="
        },
        "grad-vehiclerespawn": {
            "version": "0.0.1",
            "resolved": "https://registry.npmjs.org/grad-vehiclerespawn/-/grad-vehiclerespawn-0.0.1.tgz",
            "integrity": "sha512-v8MzvJFglBD6YMvxg6H8fR5KRNset/z6RoboFVlarFmUL+6QqPq3vv3NcrUDdXs4vCjRVDerr5U6Vgwaz++Ilw=="
        }
    }
}
